# Minimal runtime dependencies from Electrum 4.8.2's deterministic build.
# Source and Alpine CPython 3.14 artifacts are hash-pinned; GUI and hardware-wallet extras are omitted.
aiohappyeyeballs==2.7.1 \
    --hash=sha256:9243213661e29250eb41368e5daa826fc017156c3b8a11440826b2e3ed376472 \
    --hash=sha256:065665c041c42a5938ed220bdcd7230f22527fbec085e1853d2402c8a3615d9d
aiohttp==3.14.3 \
    --hash=sha256:53e5179d8abb5710f8e83ba207c41c8d1261fcffd4616500e15ca2b7a33be10a \
    --hash=sha256:1c5ec8fb1bcc31a8466f74aaf26c345d5c386fa4bd08a3f0eb9c7a4a3fe8b5bf \
    --hash=sha256:9491196535a88924a60afd5b5f434b5b203b6cc616250878dbdb223a8f7844bc
aiohttp_socks==0.11.0 \
    --hash=sha256:9aacce57c931b8fbf8f6d333cf3cafe4c35b971b35430309e167a35a8aab9ec1 \
    --hash=sha256:0afe51638527c79077e4bd6e57052c87c4824233d6e20bb061c53766421b10f0
aiorpcX==0.25.0 \
    --hash=sha256:b0bdc9679a5908d3fe5bfc8fd626721dd8b64509028e909d292e9c6a49e983aa \
    --hash=sha256:940fa250ea5e9fd372d4c6acdc20dcb603bd1960ca324759d29864a4aaf64570
aiosignal==1.4.0 \
    --hash=sha256:053243f8b92b990551949e63930a839ff0cf0b0ebbe0597b0f3fb19e1a0fe82e \
    --hash=sha256:f47eecd9468083c2029cc99945502cb7708b082c232f9aca65da147157b251c7
attrs==22.2.0 \
    --hash=sha256:29e95c7f6778868dbd49170f98f8818f78f3dc5e0e37c0b1f474e3561b240836 \
    --hash=sha256:c9227bfc2f01993c03f68db37d1d15c9690188323c067c641f1a35ca58185f99
certifi==2026.7.22 \
    --hash=sha256:62f22742b58a1a33014a2b6b706588a8d7e2a88ae7bd1a6ebe8c992928483775 \
    --hash=sha256:741e2c3b351ddf169a738da9f2c048608ff7f2c5cc02f1ebc6b118bb090d5d55
dnspython==2.4.2 \
    --hash=sha256:57c6fbaaeaaf39c891292012060beb141791735dbb4004798328fc2c467402d8 \
    --hash=sha256:8dcfae8c7460a2f84b4072e26f1c9f4101ca20c071649cb7c34e8b6a93d58984
electrum-aionostr==0.1.0 \
    --hash=sha256:3774f8e8312388272e10851a869c9f4d3d4a54d8d564851c36e2dc40297bec84
electrum-ecc==0.0.8 \
    --hash=sha256:94869a77de28ee79b7f7e974af5c20b392b949905880a8b26504e28202644106
frozenlist==1.8.0 \
    --hash=sha256:2f05983daecab868a31e1da44462873306d3cbfd76d1f0b5b69c473d21dbb128 \
    --hash=sha256:073f8bf8becba60aa931eb3bc420b217bb7d5b8f4750e6f8b3be7f3da85d38b7 \
    --hash=sha256:0c18a16eab41e82c295618a77502e17b195883241c563b00f0aa5106fc4eaa0d \
    --hash=sha256:3ede829ed8d842f6cd48fc7081d7a41001a56f1f38603f9d49bf3020d59a31ad
idna==3.18 \
    --hash=sha256:7f952cbe720b688055e3f87de14f5c3e5fdaa8bc3928985c4077ca689de849a2 \
    --hash=sha256:ffb385a7e039654cef1ab9ef32c6fafe283c0c0467bba1d9029738ce4a14a848
jsonpatch==1.33 \
    --hash=sha256:0ae28c0cd062bbd8b8ecc26d7d164fbbea9652a1a3693f3b956c1eae5145dade \
    --hash=sha256:9fcd4009c41e6d12348b4a0ff2563ba56a2923a7dfee731d004e212e1ee5030c
jsonpointer==3.0.0 \
    --hash=sha256:13e088adc14fca8b6aa8177c044e12701e6ad4b28ff10e65f2267a90109c9942 \
    --hash=sha256:2b2d729f2091522d61c3b31f82e11870f60b68f43fbc705cb76bf4b832af59ef
multidict==6.8.0 \
    --hash=sha256:be007d1aee2cbd530347dcafedb400891a3b5f1bd7135f95cf5d5b330b5219ee \
    --hash=sha256:2f8a4b0b4d639d525928c7f30de527bfdf9ead6e44a5e8cb9c50aced5e4590cb \
    --hash=sha256:75daa15ca16d6285eb2e104b2f05ee6f8d9836c68da3ce5c85f615a0450eed0e \
    --hash=sha256:5cd4637ce76312ba1e05eb9c5193fec231f64fee0944e135fa1e951242355b37
propcache==0.5.2 \
    --hash=sha256:d4dc37dec6c6cdad0b57881a5658fd14fbf53e333b1a86cf86559f190e1d9ec4 \
    --hash=sha256:51f96d685ab16e88cab128cd37a52c5da540809c8b879fa047731bfcb4ad35a4 \
    --hash=sha256:be1ddfcbb376e3de5d2e2db1d58d6d67463e6b4f9f040c000de8e300295465fe \
    --hash=sha256:01c4fc7480cd0598bb4b57022df55b9ca296da7fc5a8760bd8451a7e63a7d427
python-socks==2.8.2 \
    --hash=sha256:7cf785d0631e0659384a773b3c402bc22cccdc23894ba1d65f8524748ace1193 \
    --hash=sha256:ffc493951854fa3fc0551e0434a09a7b9f9047f9ad666dce42cb94a52e8a34b6
qrcode==8.2 \
    --hash=sha256:16e64e0716c14960108e85d853062c9e8bba5ca8252c0b4d0231b9df4060ff4f \
    --hash=sha256:35c3f2a4172b33136ab9f6b3ef1c00260dd2f66f858f24d88418a015f446506c
yarl==1.24.5 \
    --hash=sha256:fa139875ff98ab97da323cfadfaff08900d1ad42f1b5087b0b812a55c5a06373 \
    --hash=sha256:9d1216a7f6f77836617dba35687c5b78a4170afc3c3f18fc788f785ba26565c4 \
    --hash=sha256:a33700d13d9b7d84fd10947b09ff69fb9a792e519c8cb9764a3ca70baa6c23a7 \
    --hash=sha256:e81b83143bee16329c23db3c1b2d82b29892fcbcb849186d2f6e98a5abe9a57f
